// !$*UTF8*$!
{
	archiveVersion = 1;
	classes = {
	};
	objectVersion = 46;
	objects = {

/* Begin PBXBuildFile section */
		80BBCAB71B43B2E1000798FA /* main.m in Sources */ = {isa = PBXBuildFile; fileRef = 80BBCAB61B43B2E1000798FA /* main.m */; };
		80BBCABA1B43B2E1000798FA /* AppDelegate.m in Sources */ = {isa = PBXBuildFile; fileRef = 80BBCAB91B43B2E1000798FA /* AppDelegate.m */; };
		80BBCABD1B43B2E1000798FA /* ViewController.m in Sources */ = {isa = PBXBuildFile; fileRef = 80BBCABC1B43B2E1000798FA /* ViewController.m */; };
		80BBCAC01B43B2E1000798FA /* Main.storyboard in Resources */ = {isa = PBXBuildFile; fileRef = 80BBCABE1B43B2E1000798FA /* Main.storyboard */; };
		80BBCAC21B43B2E1000798FA /* Images.xcassets in Resources */ = {isa = PBXBuildFile; fileRef = 80BBCAC11B43B2E1000798FA /* Images.xcassets */; };
		80BBCAC51B43B2E1000798FA /* LaunchScreen.xib in Resources */ = {isa = PBXBuildFile; fileRef = 80BBCAC31B43B2E1000798FA /* LaunchScreen.xib */; };
		80BBCAD11B43B2E1000798FA /* FaceChangeTests.m in Sources */ = {isa = PBXBuildFile; fileRef = 80BBCAD01B43B2E1000798FA /* FaceChangeTests.m */; };
/* End PBXBuildFile section */

/* Begin PBXContainerItemProxy section */
		80BBCACB1B43B2E1000798FA /* PBXContainerItemProxy */ = {
			isa = PBXContainerItemProxy;
			containerPortal = 80BBCAA91B43B2E1000798FA /* Project object */;
			proxyType = 1;
			remoteGlobalIDString = 80BBCAB01B43B2E1000798FA;
			remoteInfo = FaceChange;
		};
/* End PBXContainerItemProxy section */

/* Begin PBXFileReference section */
		80BBCAB11B43B2E1000798FA /* FaceChange.app */ = {isa = PBXFileReference; explicitFileType = wrapper.application; includeInIndex = 0; path = FaceChange.app; sourceTree = BUILT_PRODUCTS_DIR; };
		80BBCAB51B43B2E1000798FA /* Info.plist */ = {isa = PBXFileReference; lastKnownFileType = text.plist.xml; path = Info.plist; sourceTree = "<group>"; };
		80BBCAB61B43B2E1000798FA /* main.m */ = {isa = PBXFileReference; lastKnownFileType = sourcecode.c.objc; path = main.m; sourceTree = "<group>"; };
		80BBCAB81B43B2E1000798FA /* AppDelegate.h */ = {isa = PBXFileReference; lastKnownFileType = sourcecode.c.h; path = AppDelegate.h; sourceTree = "<group>"; };
		80BBCAB91B43B2E1000798FA /* AppDelegate.m */ = {isa = PBXFileReference; lastKnownFileType = sourcecode.c.objc; path = AppDelegate.m; sourceTree = "<group>"; };
		80BBCABB1B43B2E1000798FA /* ViewController.h */ = {isa = PBXFileReference; lastKnownFileType = sourcecode.c.h; path = ViewController.h; sourceTree = "<group>"; };
		80BBCABC1B43B2E1000798FA /* ViewController.m */ = {isa = PBXFileReference; lastKnownFileType = sourcecode.c.objc; path = ViewController.m; sourceTree = "<group>"; };
		80BBCABF1B43B2E1000798FA /* Base */ = {isa = PBXFileReference; lastKnownFileType = file.storyboard; name = Base; path = Base.lproj/Main.storyboard; sourceTree = "<group>"; };
		80BBCAC11B43B2E1000798FA /* Images.xcassets */ = {isa = PBXFileReference; lastKnownFileType = folder.assetcatalog; path = Images.xcassets; sourceTree = "<group>"; };
		80BBCAC41B43B2E1000798FA /* Base */ = {isa = PBXFileReference; lastKnownFileType = file.xib; name = Base; path = Base.lproj/LaunchScreen.xib; sourceTree = "<group>"; };
		80BBCACA1B43B2E1000798FA /* FaceChangeTests.xctest */ = {isa = PBXFileReference; explicitFileType = wrapper.cfbundle; includeInIndex = 0; path = FaceChangeTests.xctest; sourceTree = BUILT_PRODUCTS_DIR; };
		80BBCACF1B43B2E1000798FA /* Info.plist */ = {isa = PBXFileReference; lastKnownFileType = text.plist.xml; path = Info.plist; sourceTree = "<group>"; };
		80BBCAD01B43B2E1000798FA /* FaceChangeTests.m */ = {isa = PBXFileReference; lastKnownFileType = sourcecode.c.objc; path = FaceChangeTests.m; sourceTree = "<group>"; };
/* End PBXFileReference section */

/* Begin PBXFrameworksBuildPhase section */
		80BBCAAE1B43B2E1000798FA /* Frameworks */ = {
			isa = PBXFrameworksBuildPhase;
			buildActionMask = 2147483647;
			files = (
			);
			runOnlyForDeploymentPostprocessing = 0;
		};
		80BBCAC71B43B2E1000798FA /* Frameworks */ = {
			isa = PBXFrameworksBuildPhase;
			buildActionMask = 2147483647;
			files = (
			);
			runOnlyForDeploymentPostprocessing = 0;
		};
/* End PBXFrameworksBuildPhase section */

/* Begin PBXGroup section */
		80BBCAA81B43B2E1000798FA = {
			isa = PBXGroup;
			children = (
				80BBCAB31B43B2E1000798FA /* FaceChange */,
				80BBCACD1B43B2E1000798FA /* FaceChangeTests */,
				80BBCAB21B43B2E1000798FA /* Products */,
			);
			sourceTree = "<group>";
		};
		80BBCAB21B43B2E1000798FA /* Products */ = {
			isa = PBXGroup;
			children = (
				80BBCAB11B43B2E1000798FA /* FaceChange.app */,
				80BBCACA1B43B2E1000798FA /* FaceChangeTests.xctest */,
			);
			name = Products;
			sourceTree = "<group>";
		};
		80BBCAB31B43B2E1000798FA /* FaceChange */ = {
			isa = PBXGroup;
			children = (
				80BBCAB81B43B2E1000798FA /* AppDelegate.h */,
				80BBCAB91B43B2E1000798FA /* AppDelegate.m */,
				80BBCABB1B43B2E1000798FA /* ViewController.h */,
				80BBCABC1B43B2E1000798FA /* ViewController.m */,
				80BBCABE1B43B2E1000798FA /* Main.storyboard */,
				80BBCAC11B43B2E1000798FA /* Images.xcassets */,
				80BBCAC31B43B2E1000798FA /* LaunchScreen.xib */,
				80BBCAB41B43B2E1000798FA /* Supporting Files */,
			);
			path = FaceChange;
			sourceTree = "<group>";
		};
		80BBCAB41B43B2E1000798FA /* Supporting Files */ = {
			isa = PBXGroup;
			children = (
				80BBCAB51B43B2E1000798FA /* Info.plist */,
				80BBCAB61B43B2E1000798FA /* main.m */,
			);
			name = "Supporting Files";
			sourceTree = "<group>";
		};
		80BBCACD1B43B2E1000798FA /* FaceChangeTests */ = {
			isa = PBXGroup;
			children = (
				80BBCAD01B43B2E1000798FA /* FaceChangeTests.m */,
				80BBCACE1B43B2E1000798FA /* Supporting Files */,
			);
			path = FaceChangeTests;
			sourceTree = "<group>";
		};
		80BBCACE1B43B2E1000798FA /* Supporting Files */ = {
			isa = PBXGroup;
			children = (
				80BBCACF1B43B2E1000798FA /* Info.plist */,
			);
			name = "Supporting Files";
			sourceTree = "<group>";
		};
/* End PBXGroup section */

/* Begin PBXNativeTarget section */
		80BBCAB01B43B2E1000798FA /* FaceChange */ = {
			isa = PBXNativeTarget;
			buildConfigurationList = 80BBCAD41B43B2E1000798FA /* Build configuration list for PBXNativeTarget "FaceChange" */;
			buildPhases = (
				80BBCAAD1B43B2E1000798FA /* Sources */,
				80BBCAAE1B43B2E1000798FA /* Frameworks */,
				80BBCAAF1B43B2E1000798FA /* Resources */,
			);
			buildRules = (
			);
			dependencies = (
			);
			name = FaceChange;
			productName = FaceChange;
			productReference = 80BBCAB11B43B2E1000798FA /* FaceChange.app */;
			productType = "com.apple.product-type.application";
		};
		80BBCAC91B43B2E1000798FA /* FaceChangeTests */ = {
			isa = PBXNativeTarget;
			buildConfigurationList = 80BBCAD71B43B2E1000798FA /* Build configuration list for PBXNativeTarget "FaceChangeTests" */;
			buildPhases = (
				80BBCAC61B43B2E1000798FA /* Sources */,
				80BBCAC71B43B2E1000798FA /* Frameworks */,
				80BBCAC81B43B2E1000798FA /* Resources */,
			);
			buildRules = (
			);
			dependencies = (
				80BBCACC1B43B2E1000798FA /* PBXTargetDependency */,
			);
			name = FaceChangeTests;
			productName = FaceChangeTests;
			productReference = 80BBCACA1B43B2E1000798FA /* FaceChangeTests.xctest */;
			productType = "com.apple.product-type.bundle.unit-test";
		};
/* End PBXNativeTarget section */

/* Begin PBXProject section */
		80BBCAA91B43B2E1000798FA /* Project object */ = {
			isa = PBXProject;
			attributes = {
				LastUpgradeCheck = 0630;
				ORGANIZATIONNAME = noprom;
				TargetAttributes = {
					80BBCAB01B43B2E1000798FA = {
						CreatedOnToolsVersion = 6.3.2;
					};
					80BBCAC91B43B2E1000798FA = {
						CreatedOnToolsVersion = 6.3.2;
						TestTargetID = 80BBCAB01B43B2E1000798FA;
					};
				};
			};
			buildConfigurationList = 80BBCAAC1B43B2E1000798FA /* Build configuration list for PBXProject "FaceChange" */;
			compatibilityVersion = "Xcode 3.2";
			developmentRegion = English;
			hasScannedForEncodings = 0;
			knownRegions = (
				en,
				Base,
			);
			mainGroup = 80BBCAA81B43B2E1000798FA;
			productRefGroup = 80BBCAB21B43B2E1000798FA /* Products */;
			projectDirPath = "";
			projectRoot = "";
			targets = (
				80BBCAB01B43B2E1000798FA /* FaceChange */,
				80BBCAC91B43B2E1000798FA /* FaceChangeTests */,
			);
		};
/* End PBXProject section */

/* Begin PBXResourcesBuildPhase section */
		80BBCAAF1B43B2E1000798FA /* Resources */ = {
			isa = PBXResourcesBuildPhase;
			buildActionMask = 2147483647;
			files = (
				80BBCAC01B43B2E1000798FA /* Main.storyboard in Resources */,
				80BBCAC51B43B2E1000798FA /* LaunchScreen.xib in Resources */,
				80BBCAC21B43B2E1000798FA /* Images.xcassets in Resources */,
			);
			runOnlyForDeploymentPostprocessing = 0;
		};
		80BBCAC81B43B2E1000798FA /* Resources */ = {
			isa = PBXResourcesBuildPhase;
			buildActionMask = 2147483647;
			files = (
			);
			runOnlyForDeploymentPostprocessing = 0;
		};
/* End PBXResourcesBuildPhase section */

/* Begin PBXSourcesBuildPhase section */
		80BBCAAD1B43B2E1000798FA /* Sources */ = {
			isa = PBXSourcesBuildPhase;
			buildActionMask = 2147483647;
			files = (
				80BBCABD1B43B2E1000798FA /* ViewController.m in Sources */,
				80BBCABA1B43B2E1000798FA /* AppDelegate.m in Sources */,
				80BBCAB71B43B2E1000798FA /* main.m in Sources */,
			);
			runOnlyForDeploymentPostprocessing = 0;
		};
		80BBCAC61B43B2E1000798FA /* Sources */ = {
			isa = PBXSourcesBuildPhase;
			buildActionMask = 2147483647;
			files = (
				80BBCAD11B43B2E1000798FA /* FaceChangeTests.m in Sources */,
			);
			runOnlyForDeploymentPostprocessing = 0;
		};
/* End PBXSourcesBuildPhase section */

/* Begin PBXTargetDependency section */
		80BBCACC1B43B2E1000798FA /* PBXTargetDependency */ = {
			isa = PBXTargetDependency;
			target = 80BBCAB01B43B2E1000798FA /* FaceChange */;
			targetProxy = 80BBCACB1B43B2E1000798FA /* PBXContainerItemProxy */;
		};
/* End PBXTargetDependency section */

/* Begin PBXVariantGroup section */
		80BBCABE1B43B2E1000798FA /* Main.storyboard */ = {
			isa = PBXVariantGroup;
			children = (
				80BBCABF1B43B2E1000798FA /* Base */,
			);
			name = Main.storyboard;
			sourceTree = "<group>";
		};
		80BBCAC31B43B2E1000798FA /* LaunchScreen.xib */ = {
			isa = PBXVariantGroup;
			children = (
				80BBCAC41B43B2E1000798FA /* Base */,
			);
			name = LaunchScreen.xib;
			sourceTree = "<group>";
		};
/* End PBXVariantGroup section */

/* Begin XCBuildConfiguration section */
		80BBCAD21B43B2E1000798FA /* Debug */ = {
			isa = XCBuildConfiguration;
			buildSettings = {
				ALWAYS_SEARCH_USER_PATHS = NO;
				CLANG_CXX_LANGUAGE_STANDARD = "gnu++0x";
				CLANG_CXX_LIBRARY = "libc++";
				CLANG_ENABLE_MODULES = YES;
				CLANG_ENABLE_OBJC_ARC = YES;
				CLANG_WARN_BOOL_CONVERSION = YES;
				CLANG_WARN_CONSTANT_CONVERSION = YES;
				CLANG_WARN_DIRECT_OBJC_ISA_USAGE = YES_ERROR;
				CLANG_WARN_EMPTY_BODY = YES;
				CLANG_WARN_ENUM_CONVERSION = YES;
				CLANG_WARN_INT_CONVERSION = YES;
				CLANG_WARN_OBJC_ROOT_CLASS = YES_ERROR;
				CLANG_WARN_UNREACHABLE_CODE = YES;
				CLANG_WARN__DUPLICATE_METHOD_MATCH = YES;
				"CODE_SIGN_IDENTITY[sdk=iphoneos*]" = "iPhone Developer";
				COPY_PHASE_STRIP = NO;
				DEBUG_INFORMATION_FORMAT = "dwarf-with-dsym";
				ENABLE_STRICT_OBJC_MSGSEND = YES;
				GCC_C_LANGUAGE_STANDARD = gnu99;
				GCC_DYNAMIC_NO_PIC = NO;
				GCC_NO_COMMON_BLOCKS = YES;
				GCC_OPTIMIZATION_LEVEL = 0;
				GCC_PREPROCESSOR_DEFINITIONS = (
					"DEBUG=1",
					"$(inherited)",
				);
				GCC_SYMBOLS_PRIVATE_EXTERN = NO;
				GCC_WARN_64_TO_32_BIT_CONVERSION = YES;
				GCC_WARN_ABOUT_RETURN_TYPE = YES_ERROR;
				GCC_WARN_UNDECLARED_SELECTOR = YES;
				GCC_WARN_UNINITIALIZED_AUTOS = YES_AGGRESSIVE;
				GCC_WARN_UNUSED_FUNCTION = YES;
				GCC_WARN_UNUSED_VARIABLE = YES;
				IPHONEOS_DEPLOYMENT_TARGET = 8.3;
				MTL_ENABLE_DEBUG_INFO = YES;
				ONLY_ACTIVE_ARCH = YES;
				SDKROOT = iphoneos;
			};
			name = Debug;
		};
		80BBCAD31B43B2E1000798FA /* Release */ = {
			isa = XCBuildConfiguration;
			buildSettings = {
				ALWAYS_SEARCH_USER_PATHS = NO;
				CLANG_CXX_LANGUAGE_STANDARD = "gnu++0x";
				CLANG_CXX_LIBRARY = "libc++";
				CLANG_ENABLE_MODULES = YES;
				CLANG_ENABLE_OBJC_ARC = YES;
				CLANG_WARN_BOOL_CONVERSION = YES;
				CLANG_WARN_CONSTANT_CONVERSION = YES;
				CLANG_WARN_DIRECT_OBJC_ISA_USAGE = YES_ERROR;
				CLANG_WARN_EMPTY_BODY = YES;
				CLANG_WARN_ENUM_CONVERSION = YES;
				CLANG_WARN_INT_CONVERSION = YES;
				CLANG_WARN_OBJC_ROOT_CLASS = YES_ERROR;
				CLANG_WARN_UNREACHABLE_CODE = YES;
				CLANG_WARN__DUPLICATE_METHOD_MATCH = YES;
				"CODE_SIGN_IDENTITY[sdk=iphoneos*]" = "iPhone Developer";
				COPY_PHASE_STRIP = NO;
				DEBUG_INFORMATION_FORMAT = "dwarf-with-dsym";
				ENABLE_NS_ASSERTIONS = NO;
				ENABLE_STRICT_OBJC_MSGSEND = YES;
				GCC_C_LANGUAGE_STANDARD = gnu99;
				GCC_NO_COMMON_BLOCKS = YES;
				GCC_WARN_64_TO_32_BIT_CONVERSION = YES;
				GCC_WARN_ABOUT_RETURN_TYPE = YES_ERROR;
				GCC_WARN_UNDECLARED_SELECTOR = YES;
				GCC_WARN_UNINITIALIZED_AUTOS = YES_AGGRESSIVE;
				GCC_WARN_UNUSED_FUNCTION = YES;
				GCC_WARN_UNUSED_VARIABLE = YES;
				IPHONEOS_DEPLOYMENT_TARGET = 8.3;
				MTL_ENABLE_DEBUG_INFO = NO;
				SDKROOT = iphoneos;
				VALIDATE_PRODUCT = YES;
			};
			name = Release;
		};
		80BBCAD51B43B2E1000798FA /* Debug */ = {
			isa = XCBuildConfiguration;
			buildSettings = {
				ASSETCATALOG_COMPILER_APPICON_NAME = AppIcon;
				INFOPLIST_FILE = FaceChange/Info.plist;
				LD_RUNPATH_SEARCH_PATHS = "$(inherited) @executable_path/Frameworks";
				PRODUCT_NAME = "$(TARGET_NAME)";
			};
			name = Debug;
		};
		80BBCAD61B43B2E1000798FA /* Release */ = {
			isa = XCBuildConfiguration;
			buildSettings = {
				ASSETCATALOG_COMPILER_APPICON_NAME = AppIcon;
				INFOPLIST_FILE = FaceChange/Info.plist;
				LD_RUNPATH_SEARCH_PATHS = "$(inherited) @executable_path/Frameworks";
				PRODUCT_NAME = "$(TARGET_NAME)";
			};
			name = Release;
		};
		80BBCAD81B43B2E1000798FA /* Debug */ = {
			isa = XCBuildConfiguration;
			buildSettings = {
				BUNDLE_LOADER = "$(TEST_HOST)";
				FRAMEWORK_SEARCH_PATHS = (
					"$(SDKROOT)/Developer/Library/Frameworks",
					"$(inherited)",
				);
				GCC_PREPROCESSOR_DEFINITIONS = (
					"DEBUG=1",
					"$(inherited)",
				);
				INFOPLIST_FILE = FaceChangeTests/Info.plist;
				LD_RUNPATH_SEARCH_PATHS = "$(inherited) @executable_path/Frameworks @loader_path/Frameworks";
				PRODUCT_NAME = "$(TARGET_NAME)";
				TEST_HOST = "$(BUILT_PRODUCTS_DIR)/FaceChange.app/FaceChange";
			};
			name = Debug;
		};
		80BBCAD91B43B2E1000798FA /* Release */ = {
			isa = XCBuildConfiguration;
			buildSettings = {
				BUNDLE_LOADER = "$(TEST_HOST)";
				FRAMEWORK_SEARCH_PATHS = (
					"$(SDKROOT)/Developer/Library/Frameworks",
					"$(inherited)",
				);
				INFOPLIST_FILE = FaceChangeTests/Info.plist;
				LD_RUNPATH_SEARCH_PATHS = "$(inherited) @executable_path/Frameworks @loader_path/Frameworks";
				PRODUCT_NAME = "$(TARGET_NAME)";
				TEST_HOST = "$(BUILT_PRODUCTS_DIR)/FaceChange.app/FaceChange";
			};
			name = Release;
		};
/* End XCBuildConfiguration section */

/* Begin XCConfigurationList section */
		80BBCAAC1B43B2E1000798FA /* Build configuration list for PBXProject "FaceChange" */ = {
			isa = XCConfigurationList;
			buildConfigurations = (
				80BBCAD21B43B2E1000798FA /* Debug */,
				80BBCAD31B43B2E1000798FA /* Release */,
			);
			defaultConfigurationIsVisible = 0;
			defaultConfigurationName = Release;
		};
		80BBCAD41B43B2E1000798FA /* Build configuration list for PBXNativeTarget "FaceChange" */ = {
			isa = XCConfigurationList;
			buildConfigurations = (
				80BBCAD51B43B2E1000798FA /* Debug */,
				80BBCAD61B43B2E1000798FA /* Release */,
			);
			defaultConfigurationIsVisible = 0;
		};
		80BBCAD71B43B2E1000798FA /* Build configuration list for PBXNativeTarget "FaceChangeTests" */ = {
			isa = XCConfigurationList;
			buildConfigurations = (
				80BBCAD81B43B2E1000798FA /* Debug */,
				80BBCAD91B43B2E1000798FA /* Release */,
			);
			defaultConfigurationIsVisible = 0;
		};
/* End XCConfigurationList section */
	};
	rootObject = 80BBCAA91B43B2E1000798FA /* Project object */;
}
